
Microsoft Visual Studio Solution File, Format Version 12.00
# Visual Studio 15
VisualStudioVersion = 15.0.28307.539
MinimumVisualStudioVersion = 10.0.40219.1
Project("{FAE04EC0-301F-11D3-BF4B-00C04F79EFBC}") = "Arta", "Arta\Arta.csproj", "{65E812A5-E3C0-4154-A544-5EB85DF21F91}"
EndProject
Project("{FAE04EC0-301F-11D3-BF4B-00C04F79EFBC}") = "Arta.Tests", "Arta.Tests\Arta.Tests.csproj", "{BEAB72FD-DD47-4AAA-B849-BF1D6F987E46}"
EndProject
Global
	GlobalSection(SolutionConfigurationPlatforms) = preSolution
		Debug|Any CPU = Debug|Any CPU
		Release|Any CPU = Release|Any CPU
	EndGlobalSection
	GlobalSection(ProjectConfigurationPlatforms) = postSolution
		{65E812A5-E3C0-4154-A544-5EB85DF21F91}.Debug|Any CPU.ActiveCfg = Debug|Any CPU
		{65E812A5-E3C0-4154-A544-5EB85DF21F91}.Debug|Any CPU.Build.0 = Debug|Any CPU
		{65E812A5-E3C0-4154-A544-5EB85DF21F91}.Release|Any CPU.ActiveCfg = Release|Any CPU
		{65E812A5-E3C0-4154-A544-5EB85DF21F91}.Release|Any CPU.Build.0 = Release|Any CPU
		{BEAB72FD-DD47-4AAA-B849-BF1D6F987E46}.Debug|Any CPU.ActiveCfg = Debug|Any CPU
		{BEAB72FD-DD47-4AAA-B849-BF1D6F987E46}.Debug|Any CPU.Build.0 = Debug|Any CPU
		{BEAB72FD-DD47-4AAA-B849-BF1D6F987E46}.Release|Any CPU.ActiveCfg = Release|Any CPU
		{BEAB72FD-DD47-4AAA-B849-BF1D6F987E46}.Release|Any CPU.Build.0 = Release|Any CPU
	EndGlobalSection
	GlobalSection(SolutionProperties) = preSolution
		HideSolutionNode = FALSE
	EndGlobalSection
	GlobalSection(ExtensibilityGlobals) = postSolution
		SolutionGuid = {41A6171F-7996-4C18-B807-1A8B1B3BDE4B}
	EndGlobalSection
EndGlobal
